<?xml version="1.0" encoding="utf-8"?>
<Project ToolsVersion="4.0" xmlns="http://schemas.microsoft.com/developer/msbuild/2003">
  <ItemGroup>
    <Filter Include="Source Files">
      <UniqueIdentifier>{4FC737F1-C7A5-4376-A066-2A32D752A2FF}</UniqueIdentifier>
      <Extensions>cpp;c;cc;cxx;def;odl;idl;hpj;bat;asm;asmx</Extensions>
    </Filter>
    <Filter Include="Header Files">
      <UniqueIdentifier>{93995380-89BD-4b04-88EB-625FBE52EBFB}</UniqueIdentifier>
      <Extensions>h;hh;hpp;hxx;hm;inl;inc;ipp;xsd</Extensions>
    </Filter>
    <Filter Include="Resource Files">
      <UniqueIdentifier>{67DA6AB6-F800-4c08-8B7A-83BB121AAD01}</UniqueIdentifier>
      <Extensions>rc;ico;cur;bmp;dlg;rc2;rct;bin;rgs;gif;jpg;jpeg;jpe;resx;tiff;tif;png;wav;mfcribbon-ms</Extensions>
    </Filter>
    <Filter Include="Include Files">
      <UniqueIdentifier>{a538264d-c905-4f08-b1b3-b4f3d30d6096}</UniqueIdentifier>
    </Filter>
    <Filter Include="Header Files\mods">
      <UniqueIdentifier>{0a19eaa9-7df1-4b43-b228-02d4a3b557eb}</UniqueIdentifier>
    </Filter>
    <Filter Include="Source Files\mods">
      <UniqueIdentifier>{14fe9a5d-6e6b-485a-94a8-5d2a5970ad74}</UniqueIdentifier>
    </Filter>
    <Filter Include="Source Files\extender">
      <UniqueIdentifier>{ce5bd272-1ca1-4c9f-8f00-a00078c42dd6}</UniqueIdentifier>
    </Filter>
    <Filter Include="Include Files\Extender">
      <UniqueIdentifier>{04dbfcb7-637c-44f6-85e3-1e5b5041e513}</UniqueIdentifier>
    </Filter>
    <Filter Include="Source Files\discord">
      <UniqueIdentifier>{6fa09bf4-39a1-4716-b0b1-57912a155994}</UniqueIdentifier>
    </Filter>
    <Filter Include="Source Files\discord\lib">
      <UniqueIdentifier>{6b46b462-daa0-4313-ac15-3096234aaf24}</UniqueIdentifier>
    </Filter>
  </ItemGroup>
  <ItemGroup>
    <ClCompile Include="main.cpp">
      <Filter>Source Files</Filter>
    </ClCompile>
    <ClCompile Include="mods\mods.cpp">
      <Filter>Source Files\mods</Filter>
    </ClCompile>
    <ClCompile Include="extender\Memory-win32.cpp">
      <Filter>Source Files\extender</Filter>
    </ClCompile>
    <ClCompile Include="extender\SharedObject-win32.cpp">
      <Filter>Source Files\extender</Filter>
    </ClCompile>
    <ClCompile Include="extender\TrampolineGenerator.cpp">
      <Filter>Source Files\extender</Filter>
    </ClCompile>
    <ClCompile Include="extender\util.cpp">
      <Filter>Source Files\extender</Filter>
    </ClCompile>
    <ClCompile Include="extender\CodeAllocator.cpp">
      <Filter>Source Files\extender</Filter>
    </ClCompile>
    <ClCompile Include="extender\CodeInjectionStream.cpp">
      <Filter>Source Files\extender</Filter>
    </ClCompile>
    <ClCompile Include="extender\Filesystem-common.cpp">
      <Filter>Source Files\extender</Filter>
    </ClCompile>
    <ClCompile Include="extender\Filesystem-win32.cpp">
      <Filter>Source Files\extender</Filter>
    </ClCompile>
    <ClCompile Include="extender\floatfix.cpp">
      <Filter>Source Files\extender</Filter>
    </ClCompile>
    <ClCompile Include="extender\FuncInterceptor.cpp">
      <Filter>Source Files\extender</Filter>
    </ClCompile>
    <ClCompile Include="mods\hwaccelfix.cpp">
      <Filter>Source Files\mods</Filter>
    </ClCompile>
    <ClCompile Include="mods\widescreen.cpp">
      <Filter>Source Files\mods</Filter>
    </ClCompile>
    <ClCompile Include="mods\maxscore.cpp">
      <Filter>Source Files\mods</Filter>
    </ClCompile>
    <ClCompile Include="mods\changepaths.cpp">
      <Filter>Source Files\mods</Filter>
    </ClCompile>
    <ClCompile Include="mods\sandboxmode.cpp">
      <Filter>Source Files\mods</Filter>
    </ClCompile>
    <ClCompile Include="mods\sandboxcheats.cpp">
      <Filter>Source Files\mods</Filter>
    </ClCompile>
    <ClCompile Include="mods\zenaddons.cpp">
      <Filter>Source Files\mods</Filter>
    </ClCompile>
    <ClCompile Include="mods\miscpatches.cpp">
      <Filter>Source Files\mods</Filter>
    </ClCompile>
    <ClCompile Include="mods\extramodes.cpp">
      <Filter>Source Files\mods</Filter>
    </ClCompile>
    <ClCompile Include="mods\sandboxfunctions.cpp">
      <Filter>Source Files\mods</Filter>
    </ClCompile>
    <ClCompile Include="mods\playmenutoggle.cpp">
      <Filter>Source Files\mods</Filter>
    </ClCompile>
    <ClCompile Include="discord\activity_manager.cpp">
      <Filter>Source Files\discord</Filter>
    </ClCompile>
    <ClCompile Include="discord\application_manager.cpp">
      <Filter>Source Files\discord</Filter>
    </ClCompile>
    <ClCompile Include="discord\core.cpp">
      <Filter>Source Files\discord</Filter>
    </ClCompile>
    <ClCompile Include="discord\image_manager.cpp">
      <Filter>Source Files\discord</Filter>
    </ClCompile>
    <ClCompile Include="discord\lobby_manager.cpp">
      <Filter>Source Files\discord</Filter>
    </ClCompile>
    <ClCompile Include="discord\network_manager.cpp">
      <Filter>Source Files\discord</Filter>
    </ClCompile>
    <ClCompile Include="discord\overlay_manager.cpp">
      <Filter>Source Files\discord</Filter>
    </ClCompile>
    <ClCompile Include="discord\relationship_manager.cpp">
      <Filter>Source Files\discord</Filter>
    </ClCompile>
    <ClCompile Include="discord\storage_manager.cpp">
      <Filter>Source Files\discord</Filter>
    </ClCompile>
    <ClCompile Include="discord\store_manager.cpp">
      <Filter>Source Files\discord</Filter>
    </ClCompile>
    <ClCompile Include="discord\types.cpp">
      <Filter>Source Files\discord</Filter>
    </ClCompile>
    <ClCompile Include="discord\user_manager.cpp">
      <Filter>Source Files\discord</Filter>
    </ClCompile>
    <ClCompile Include="discord\voice_manager.cpp">
      <Filter>Source Files\discord</Filter>
    </ClCompile>
    <ClCompile Include="discord\achievement_manager.cpp">
      <Filter>Source Files\discord</Filter>
    </ClCompile>
    <ClCompile Include="mods\gamefunctions.cpp">
      <Filter>Source Files\mods</Filter>
    </ClCompile>
    <ClCompile Include="mods\discordrpc.cpp">
      <Filter>Source Files\mods</Filter>
    </ClCompile>
  </ItemGroup>
  <ItemGroup>
    <ClInclude Include="..\Include\Engine.h">
      <Filter>Include Files</Filter>
    </ClInclude>
    <ClInclude Include="..\Include\InterfaceMacros-win32.h">
      <Filter>Include Files</Filter>
    </ClInclude>
    <ClInclude Include="..\Include\Addresses.h">
      <Filter>Include Files</Filter>
    </ClInclude>
    <ClInclude Include="mods\mods.h">
      <Filter>Header Files\mods</Filter>
    </ClInclude>
    <ClInclude Include="..\Include\Extender\util.h">
      <Filter>Include Files\Extender</Filter>
    </ClInclude>
    <ClInclude Include="..\Include\Extender\CodeAllocator.h">
      <Filter>Include Files\Extender</Filter>
    </ClInclude>
    <ClInclude Include="..\Include\Extender\CodeInjectionStream.h">
      <Filter>Include Files\Extender</Filter>
    </ClInclude>
    <ClInclude Include="..\Include\Extender\Filesystem.h">
      <Filter>Include Files\Extender</Filter>
    </ClInclude>
    <ClInclude Include="..\Include\Extender\FuncInterceptor.h">
      <Filter>Include Files\Extender</Filter>
    </ClInclude>
    <ClInclude Include="..\Include\Extender\LDE64.h">
      <Filter>Include Files\Extender</Filter>
    </ClInclude>
    <ClInclude Include="..\Include\Extender\Memory.h">
      <Filter>Include Files\Extender</Filter>
    </ClInclude>
    <ClInclude Include="..\Include\Extender\SharedObject.h">
      <Filter>Include Files\Extender</Filter>
    </ClInclude>
    <ClInclude Include="..\Include\Extender\TrampolineGenerator.h">
      <Filter>Include Files\Extender</Filter>
    </ClInclude>
    <ClInclude Include="mods\hwaccelfix.h">
      <Filter>Header Files\mods</Filter>
    </ClInclude>
    <ClInclude Include="mods\widescreen.h">
      <Filter>Header Files\mods</Filter>
    </ClInclude>
    <ClInclude Include="mods\maxscore.h">
      <Filter>Header Files\mods</Filter>
    </ClInclude>
    <ClInclude Include="..\Include\json.hpp">
      <Filter>Include Files</Filter>
    </ClInclude>
    <ClInclude Include="mods\changepaths.h">
      <Filter>Header Files\mods</Filter>
    </ClInclude>
    <ClInclude Include="mods\sandboxmode.h">
      <Filter>Header Files\mods</Filter>
    </ClInclude>
    <ClInclude Include="mods\sandboxcheats.h">
      <Filter>Header Files\mods</Filter>
    </ClInclude>
    <ClInclude Include="mods\zenaddons.h">
      <Filter>Header Files\mods</Filter>
    </ClInclude>
    <ClInclude Include="mods\miscpatches.h">
      <Filter>Header Files\mods</Filter>
    </ClInclude>
    <ClInclude Include="mods\extramodes.h">
      <Filter>Header Files\mods</Filter>
    </ClInclude>
    <ClInclude Include="mods\sandboxfunctions.h">
      <Filter>Header Files\mods</Filter>
    </ClInclude>
    <ClInclude Include="mods\playmenutoggle.h">
      <Filter>Header Files\mods</Filter>
    </ClInclude>
    <ClInclude Include="discord\activity_manager.h">
      <Filter>Source Files\discord</Filter>
    </ClInclude>
    <ClInclude Include="discord\application_manager.h">
      <Filter>Source Files\discord</Filter>
    </ClInclude>
    <ClInclude Include="discord\core.h">
      <Filter>Source Files\discord</Filter>
    </ClInclude>
    <ClInclude Include="discord\discord.h">
      <Filter>Source Files\discord</Filter>
    </ClInclude>
    <ClInclude Include="discord\event.h">
      <Filter>Source Files\discord</Filter>
    </ClInclude>
    <ClInclude Include="discord\ffi.h">
      <Filter>Source Files\discord</Filter>
    </ClInclude>
    <ClInclude Include="discord\image_manager.h">
      <Filter>Source Files\discord</Filter>
    </ClInclude>
    <ClInclude Include="discord\lobby_manager.h">
      <Filter>Source Files\discord</Filter>
    </ClInclude>
    <ClInclude Include="discord\network_manager.h">
      <Filter>Source Files\discord</Filter>
    </ClInclude>
    <ClInclude Include="discord\overlay_manager.h">
      <Filter>Source Files\discord</Filter>
    </ClInclude>
    <ClInclude Include="discord\relationship_manager.h">
      <Filter>Source Files\discord</Filter>
    </ClInclude>
    <ClInclude Include="discord\storage_manager.h">
      <Filter>Source Files\discord</Filter>
    </ClInclude>
    <ClInclude Include="discord\store_manager.h">
      <Filter>Source Files\discord</Filter>
    </ClInclude>
    <ClInclude Include="discord\types.h">
      <Filter>Source Files\discord</Filter>
    </ClInclude>
    <ClInclude Include="discord\user_manager.h">
      <Filter>Source Files\discord</Filter>
    </ClInclude>
    <ClInclude Include="discord\voice_manager.h">
      <Filter>Source Files\discord</Filter>
    </ClInclude>
    <ClInclude Include="discord\achievement_manager.h">
      <Filter>Source Files\discord</Filter>
    </ClInclude>
    <ClInclude Include="mods\gamefunctions.h">
      <Filter>Header Files\mods</Filter>
    </ClInclude>
    <ClInclude Include="mods\discordrpc.h">
      <Filter>Header Files\mods</Filter>
    </ClInclude>
  </ItemGroup>
  <ItemGroup>
    <MASM Include="extender\LDE64-masm.asm">
      <Filter>Source Files\extender</Filter>
    </MASM>
  </ItemGroup>
  <ItemGroup>
    <None Include="discord\lib\x86\discord_game_sdk.dll">
      <Filter>Source Files\discord\lib</Filter>
    </None>
  </ItemGroup>
  <ItemGroup>
    <Library Include="discord\lib\x86\discord_game_sdk.dll.lib">
      <Filter>Source Files\discord\lib</Filter>
    </Library>
  </ItemGroup>
</Project>